
Microsoft Visual Studio Solution File, Format Version 12.00
# Visual Studio 15
VisualStudioVersion = 15.0.27703.2042
MinimumVisualStudioVersion = 10.0.40219.1
Project("{FAE04EC0-301F-11D3-BF4B-00C04F79EFBC}") = "AirportWebAPI", "AirportWebAPI\AirportWebAPI.csproj", "{7DCEA5A8-DDA6-4ACB-BACD-69DD983EE638}"
EndProject
Project("{FAE04EC0-301F-11D3-BF4B-00C04F79EFBC}") = "AirportWebAPI.DataAccessLayer", "AirportWebAPI.DataAccessLayer\AirportWebAPI.DataAccessLayer.csproj", "{9CE4CC92-D8D6-4164-B506-4BC863DACE09}"
EndProject
Project("{FAE04EC0-301F-11D3-BF4B-00C04F79EFBC}") = "AirportWebAPI.BusinessLayer", "AirportWebAPI.BusinessLayer\AirportWebAPI.BusinessLayer.csproj", "{7188124A-DDCF-474A-AAD5-EE8D2FF4C8BB}"
EndProject
Project("{FAE04EC0-301F-11D3-BF4B-00C04F79EFBC}") = "Shared", "Shared\Shared.csproj", "{C0F96046-7CFD-4E8D-9DD5-C3BC6E4A2825}"
EndProject
Global
	GlobalSection(SolutionConfigurationPlatforms) = preSolution
		Debug|Any CPU = Debug|Any CPU
		Release|Any CPU = Release|Any CPU
	EndGlobalSection
	GlobalSection(ProjectConfigurationPlatforms) = postSolution
		{7DCEA5A8-DDA6-4ACB-BACD-69DD983EE638}.Debug|Any CPU.ActiveCfg = Debug|Any CPU
		{7DCEA5A8-DDA6-4ACB-BACD-69DD983EE638}.Debug|Any CPU.Build.0 = Debug|Any CPU
		{7DCEA5A8-DDA6-4ACB-BACD-69DD983EE638}.Release|Any CPU.ActiveCfg = Release|Any CPU
		{7DCEA5A8-DDA6-4ACB-BACD-69DD983EE638}.Release|Any CPU.Build.0 = Release|Any CPU
		{9CE4CC92-D8D6-4164-B506-4BC863DACE09}.Debug|Any CPU.ActiveCfg = Debug|Any CPU
		{9CE4CC92-D8D6-4164-B506-4BC863DACE09}.Debug|Any CPU.Build.0 = Debug|Any CPU
		{9CE4CC92-D8D6-4164-B506-4BC863DACE09}.Release|Any CPU.ActiveCfg = Release|Any CPU
		{9CE4CC92-D8D6-4164-B506-4BC863DACE09}.Release|Any CPU.Build.0 = Release|Any CPU
		{7188124A-DDCF-474A-AAD5-EE8D2FF4C8BB}.Debug|Any CPU.ActiveCfg = Debug|Any CPU
		{7188124A-DDCF-474A-AAD5-EE8D2FF4C8BB}.Debug|Any CPU.Build.0 = Debug|Any CPU
		{7188124A-DDCF-474A-AAD5-EE8D2FF4C8BB}.Release|Any CPU.ActiveCfg = Release|Any CPU
		{7188124A-DDCF-474A-AAD5-EE8D2FF4C8BB}.Release|Any CPU.Build.0 = Release|Any CPU
		{C0F96046-7CFD-4E8D-9DD5-C3BC6E4A2825}.Debug|Any CPU.ActiveCfg = Debug|Any CPU
		{C0F96046-7CFD-4E8D-9DD5-C3BC6E4A2825}.Debug|Any CPU.Build.0 = Debug|Any CPU
		{C0F96046-7CFD-4E8D-9DD5-C3BC6E4A2825}.Release|Any CPU.ActiveCfg = Release|Any CPU
		{C0F96046-7CFD-4E8D-9DD5-C3BC6E4A2825}.Release|Any CPU.Build.0 = Release|Any CPU
	EndGlobalSection
	GlobalSection(SolutionProperties) = preSolution
		HideSolutionNode = FALSE
	EndGlobalSection
	GlobalSection(ExtensibilityGlobals) = postSolution
		SolutionGuid = {F6F196F3-FD94-4F4A-86DA-E18DAE1E1327}
	EndGlobalSection
EndGlobal
